
Microsoft Visual Studio Solution File, Format Version 12.00
# Visual Studio Version 17
VisualStudioVersion = 17.9.34607.119
MinimumVisualStudioVersion = 10.0.40219.1
Project("{9A19103F-16F7-4668-BE54-9A1E7A4F7556}") = "cv03", "cv03.csproj", "{FEEE6E9F-50EC-45E9-BA6E-D95EA10D079E}"
EndProject
Global
	GlobalSection(SolutionConfigurationPlatforms) = preSolution
		Debug|Any CPU = Debug|Any CPU
		Release|Any CPU = Release|Any CPU
	EndGlobalSection
	GlobalSection(ProjectConfigurationPlatforms) = postSolution
		{FEEE6E9F-50EC-45E9-BA6E-D95EA10D079E}.Debug|Any CPU.ActiveCfg = Debug|Any CPU
		{FEEE6E9F-50EC-45E9-BA6E-D95EA10D079E}.Debug|Any CPU.Build.0 = Debug|Any CPU
		{FEEE6E9F-50EC-45E9-BA6E-D95EA10D079E}.Release|Any CPU.ActiveCfg = Release|Any CPU
		{FEEE6E9F-50EC-45E9-BA6E-D95EA10D079E}.Release|Any CPU.Build.0 = Release|Any CPU
	EndGlobalSection
	GlobalSection(SolutionProperties) = preSolution
		HideSolutionNode = FALSE
	EndGlobalSection
	GlobalSection(ExtensibilityGlobals) = postSolution
		SolutionGuid = {0A7CBBBB-059C-4C6E-8630-C620B88DE1B5}
	EndGlobalSection
EndGlobal
