
Microsoft Visual Studio Solution File, Format Version 12.00
# Visual Studio Version 17
VisualStudioVersion = 17.9.34607.119
MinimumVisualStudioVersion = 10.0.40219.1
Project("{FAE04EC0-301F-11D3-BF4B-00C04F79EFBC}") = "cv07", "cv07.csproj", "{53BDD08D-ED83-4528-92E7-0E1D86D3C518}"
EndProject
Global
	GlobalSection(SolutionConfigurationPlatforms) = preSolution
		Debug|Any CPU = Debug|Any CPU
		Release|Any CPU = Release|Any CPU
	EndGlobalSection
	GlobalSection(ProjectConfigurationPlatforms) = postSolution
		{53BDD08D-ED83-4528-92E7-0E1D86D3C518}.Debug|Any CPU.ActiveCfg = Debug|Any CPU
		{53BDD08D-ED83-4528-92E7-0E1D86D3C518}.Debug|Any CPU.Build.0 = Debug|Any CPU
		{53BDD08D-ED83-4528-92E7-0E1D86D3C518}.Release|Any CPU.ActiveCfg = Release|Any CPU
		{53BDD08D-ED83-4528-92E7-0E1D86D3C518}.Release|Any CPU.Build.0 = Release|Any CPU
	EndGlobalSection
	GlobalSection(SolutionProperties) = preSolution
		HideSolutionNode = FALSE
	EndGlobalSection
	GlobalSection(ExtensibilityGlobals) = postSolution
		SolutionGuid = {42AA233F-796E-406E-8736-B336A84E454B}
	EndGlobalSection
EndGlobal
